// !$*UTF8*$!
{
	archiveVersion = 1;
	classes = {
	};
	objectVersion = 51;
	objects = {

/* Begin PBXBuildFile section */
		190FE3242583BB8500DD720B /* NomuraViewModelTests.swift in Sources */ = {isa = PBXBuildFile; fileRef = 190FE3232583BB8500DD720B /* NomuraViewModelTests.swift */; };
		191E711A2566EAD10013C4E3 /* Service.swift in Sources */ = {isa = PBXBuildFile; fileRef = 191E71192566EAD10013C4E3 /* Service.swift */; };
		191E711E2566F13A0013C4E3 /* QuotesDM.swift in Sources */ = {isa = PBXBuildFile; fileRef = 191E711D2566F13A0013C4E3 /* QuotesDM.swift */; };
		191E71212566F1440013C4E3 /* QuotesVM.swift in Sources */ = {isa = PBXBuildFile; fileRef = 191E711F2566F1440013C4E3 /* QuotesVM.swift */; };
		191E71222566F1440013C4E3 /* OdeonBaseViewModel.swift in Sources */ = {isa = PBXBuildFile; fileRef = 191E71202566F1440013C4E3 /* OdeonBaseViewModel.swift */; };
		191E71242566F2640013C4E3 /* UIViewController+Additions.swift in Sources */ = {isa = PBXBuildFile; fileRef = 191E71232566F2640013C4E3 /* UIViewController+Additions.swift */; };
		1939DB5D256AB55B004FDAF5 /* UIColor+Additions.swift in Sources */ = {isa = PBXBuildFile; fileRef = 1939DB5C256AB55B004FDAF5 /* UIColor+Additions.swift */; };
		1951D1352566984300E4699A /* AppDelegate.swift in Sources */ = {isa = PBXBuildFile; fileRef = 1951D1342566984300E4699A /* AppDelegate.swift */; };
		1951D13E2566984500E4699A /* Assets.xcassets in Resources */ = {isa = PBXBuildFile; fileRef = 1951D13D2566984500E4699A /* Assets.xcassets */; };
		1951D1412566984500E4699A /* LaunchScreen.storyboard in Resources */ = {isa = PBXBuildFile; fileRef = 1951D13F2566984500E4699A /* LaunchScreen.storyboard */; };
		1951D14C2566984500E4699A /* NomuraTestTests.swift in Sources */ = {isa = PBXBuildFile; fileRef = 1951D14B2566984500E4699A /* NomuraTestTests.swift */; };
		19D62C51256836080016B530 /* QuotesCell.swift in Sources */ = {isa = PBXBuildFile; fileRef = 19D62C50256836080016B530 /* QuotesCell.swift */; };
		19F5E98A2583C27000EB8E03 /* ViewModelTest.swift in Sources */ = {isa = PBXBuildFile; fileRef = 19F5E9892583C27000EB8E03 /* ViewModelTest.swift */; };
		19F5E98D2583C68A00EB8E03 /* get-quotes.json in Resources */ = {isa = PBXBuildFile; fileRef = 19F2563F2583A5E000E66547 /* get-quotes.json */; };
		19F5E98E2583C68E00EB8E03 /* get-quotesError.json in Resources */ = {isa = PBXBuildFile; fileRef = 19F256412583A6AA00E66547 /* get-quotesError.json */; };
		19F5E98F2583C69100EB8E03 /* get-quotesJsonError.json in Resources */ = {isa = PBXBuildFile; fileRef = 19F256432583A6C900E66547 /* get-quotesJsonError.json */; };
		19F5E9912583D48500EB8E03 /* AppConstants.swift in Sources */ = {isa = PBXBuildFile; fileRef = 19F5E9902583D48500EB8E03 /* AppConstants.swift */; };
		6D929A017411B393CB8548E8 /* Pods_OdeonDynamicsTests.framework in Frameworks */ = {isa = PBXBuildFile; fileRef = ADE5191DCC82ED77E094D6E9 /* Pods_OdeonDynamicsTests.framework */; };
		B8C0C34D71CDF6BC82A7ACB3 /* Pods_OdeonDynamics.framework in Frameworks */ = {isa = PBXBuildFile; fileRef = 14F6F35962C14285FEFB3FF1 /* Pods_OdeonDynamics.framework */; };
		BF78C96E25D524F2002747F0 /* Main.storyboard in Resources */ = {isa = PBXBuildFile; fileRef = BF78C96D25D524F2002747F0 /* Main.storyboard */; };
		BF9A46132591EAAC00ADE49B /* QuotesResponseModel.swift in Sources */ = {isa = PBXBuildFile; fileRef = BF9A46122591EAAC00ADE49B /* QuotesResponseModel.swift */; };
		BF9A46192591F11700ADE49B /* ServiceEndPoints.swift in Sources */ = {isa = PBXBuildFile; fileRef = BF9A46182591F11700ADE49B /* ServiceEndPoints.swift */; };
		BF9A461D2591F15A00ADE49B /* ServiceRouter.swift in Sources */ = {isa = PBXBuildFile; fileRef = BF9A461C2591F15A00ADE49B /* ServiceRouter.swift */; };
		BF9DE3CF25D862890034B705 /* AppError.swift in Sources */ = {isa = PBXBuildFile; fileRef = BF9DE3CE25D862890034B705 /* AppError.swift */; };
		BF9DE3F025D86A190034B705 /* ServiceEndPoint.swift in Sources */ = {isa = PBXBuildFile; fileRef = BF9DE3E825D86A190034B705 /* ServiceEndPoint.swift */; };
		BF9DE3F125D86A190034B705 /* NetworkManager.swift in Sources */ = {isa = PBXBuildFile; fileRef = BF9DE3E925D86A190034B705 /* NetworkManager.swift */; };
		BF9DE3F225D86A190034B705 /* Defaults.swift in Sources */ = {isa = PBXBuildFile; fileRef = BF9DE3EA25D86A190034B705 /* Defaults.swift */; };
		BF9DE3F325D86A190034B705 /* BaseResponse.swift in Sources */ = {isa = PBXBuildFile; fileRef = BF9DE3EB25D86A190034B705 /* BaseResponse.swift */; };
		BF9DE3F425D86A190034B705 /* BaseApiRequestBody.swift in Sources */ = {isa = PBXBuildFile; fileRef = BF9DE3EC25D86A190034B705 /* BaseApiRequestBody.swift */; };
		BF9DE3F525D86A190034B705 /* ExtensionUIApplication.swift in Sources */ = {isa = PBXBuildFile; fileRef = BF9DE3ED25D86A190034B705 /* ExtensionUIApplication.swift */; };
		BF9DE3F625D86A190034B705 /* BaseData.swift in Sources */ = {isa = PBXBuildFile; fileRef = BF9DE3EE25D86A190034B705 /* BaseData.swift */; };
		BF9DE3F725D86A190034B705 /* ExtensionUIViewController.swift in Sources */ = {isa = PBXBuildFile; fileRef = BF9DE3EF25D86A190034B705 /* ExtensionUIViewController.swift */; };
		BF9DE40625D86DBE0034B705 /* ExtensionUIDevice.swift in Sources */ = {isa = PBXBuildFile; fileRef = BF9DE40525D86DBD0034B705 /* ExtensionUIDevice.swift */; };
		BF9DE40A25D86DC30034B705 /* BaseMessageItem.swift in Sources */ = {isa = PBXBuildFile; fileRef = BF9DE40925D86DC30034B705 /* BaseMessageItem.swift */; };
		BF9DE41A25D870B40034B705 /* GetUserRequestModel.swift in Sources */ = {isa = PBXBuildFile; fileRef = BF9DE41925D870B40034B705 /* GetUserRequestModel.swift */; };
		BFF7B55625D98D2B0021C813 /* CreateTokenRequestModel.swift in Sources */ = {isa = PBXBuildFile; fileRef = BFF7B55525D98D2B0021C813 /* CreateTokenRequestModel.swift */; };
		BFF7B55B25D994F80021C813 /* GetUserResponseModel.swift in Sources */ = {isa = PBXBuildFile; fileRef = BFF7B55A25D994F80021C813 /* GetUserResponseModel.swift */; };
		D900C90725A1D7940042CA43 /* MainPageViewController.swift in Sources */ = {isa = PBXBuildFile; fileRef = D900C90525A1D7940042CA43 /* MainPageViewController.swift */; };
		D900C90825A1D7940042CA43 /* MainPageViewController.xib in Resources */ = {isa = PBXBuildFile; fileRef = D900C90625A1D7940042CA43 /* MainPageViewController.xib */; };
		D900C91625A1E9340042CA43 /* MainPageCollectionViewCell.swift in Sources */ = {isa = PBXBuildFile; fileRef = D900C91425A1E9340042CA43 /* MainPageCollectionViewCell.swift */; };
		D900C91725A1E9340042CA43 /* MainPageCollectionViewCell.xib in Resources */ = {isa = PBXBuildFile; fileRef = D900C91525A1E9340042CA43 /* MainPageCollectionViewCell.xib */; };
		D900C91B25A1FB560042CA43 /* MainPageVM.swift in Sources */ = {isa = PBXBuildFile; fileRef = D900C91A25A1FB560042CA43 /* MainPageVM.swift */; };
		D900C91F25A1FB710042CA43 /* MainPageResponseModel.swift in Sources */ = {isa = PBXBuildFile; fileRef = D900C91E25A1FB710042CA43 /* MainPageResponseModel.swift */; };
		D9338E7125A221C600593D89 /* MainPageDM.swift in Sources */ = {isa = PBXBuildFile; fileRef = D9338E7025A221C600593D89 /* MainPageDM.swift */; };
		D9338E7525A4E9DA00593D89 /* HamburgerMenuView.swift in Sources */ = {isa = PBXBuildFile; fileRef = D9338E7425A4E9DA00593D89 /* HamburgerMenuView.swift */; };
		D9338E7925A4E9EA00593D89 /* HamburgerMenuView.xib in Resources */ = {isa = PBXBuildFile; fileRef = D9338E7825A4E9EA00593D89 /* HamburgerMenuView.xib */; };
		D9385C7625C355550049911A /* DestinationMenuTableViewCell.swift in Sources */ = {isa = PBXBuildFile; fileRef = D9385C7425C355550049911A /* DestinationMenuTableViewCell.swift */; };
		D9385C7725C355550049911A /* DestinationMenuTableViewCell.xib in Resources */ = {isa = PBXBuildFile; fileRef = D9385C7525C355550049911A /* DestinationMenuTableViewCell.xib */; };
		D93F262625A2177100CEB1E0 /* BaseCollectionViewCell.swift in Sources */ = {isa = PBXBuildFile; fileRef = D93F262525A2177100CEB1E0 /* BaseCollectionViewCell.swift */; };
		D94326BB25C3008900298451 /* TypeListMenuView.swift in Sources */ = {isa = PBXBuildFile; fileRef = D94326BA25C3008900298451 /* TypeListMenuView.swift */; };
		D94326BF25C300A100298451 /* TypeListMenuView.xib in Resources */ = {isa = PBXBuildFile; fileRef = D94326BE25C300A100298451 /* TypeListMenuView.xib */; };
		D94326CA25C303A500298451 /* TypeListMenuTableViewCell.swift in Sources */ = {isa = PBXBuildFile; fileRef = D94326C825C303A500298451 /* TypeListMenuTableViewCell.swift */; };
		D94326CB25C303A500298451 /* TypeListMenuTableViewCell.xib in Resources */ = {isa = PBXBuildFile; fileRef = D94326C925C303A500298451 /* TypeListMenuTableViewCell.xib */; };
		D944C17E25CF1D1B0030CB8B /* DestinationMenuResponseModel.swift in Sources */ = {isa = PBXBuildFile; fileRef = D944C17D25CF1D1B0030CB8B /* DestinationMenuResponseModel.swift */; };
		D944C18225CF1D4F0030CB8B /* DestinationMenuDM.swift in Sources */ = {isa = PBXBuildFile; fileRef = D944C18125CF1D4F0030CB8B /* DestinationMenuDM.swift */; };
		D944C18625CF1D7F0030CB8B /* DestinationMenuVM.swift in Sources */ = {isa = PBXBuildFile; fileRef = D944C18525CF1D7F0030CB8B /* DestinationMenuVM.swift */; };
		D9455C5D2591FC530031821A /* LoginViewController.swift in Sources */ = {isa = PBXBuildFile; fileRef = D9455C5B2591FC530031821A /* LoginViewController.swift */; };
		D9455C652591FFBF0031821A /* OdeonHeaderView.swift in Sources */ = {isa = PBXBuildFile; fileRef = D9455C642591FFBF0031821A /* OdeonHeaderView.swift */; };
		D9455C6B259200040031821A /* OdeonHeaderView.xib in Resources */ = {isa = PBXBuildFile; fileRef = D9455C6A259200040031821A /* OdeonHeaderView.xib */; };
		D95EB6E625C3FB43009736D7 /* DestinationMenuView.swift in Sources */ = {isa = PBXBuildFile; fileRef = D95EB6E525C3FB43009736D7 /* DestinationMenuView.swift */; };
		D95EB6EA25C3FB64009736D7 /* DestinationMenuView.xib in Resources */ = {isa = PBXBuildFile; fileRef = D95EB6E925C3FB64009736D7 /* DestinationMenuView.xib */; };
		D95EB6EE25C3FB8D009736D7 /* DestinationSelectView.swift in Sources */ = {isa = PBXBuildFile; fileRef = D95EB6ED25C3FB8D009736D7 /* DestinationSelectView.swift */; };
		D95EB6F225C3FB9E009736D7 /* DestinationSelectView.xib in Resources */ = {isa = PBXBuildFile; fileRef = D95EB6F125C3FB9E009736D7 /* DestinationSelectView.xib */; };
		D96D0D10259C6826004A0689 /* ModuleViewController.swift in Sources */ = {isa = PBXBuildFile; fileRef = D96D0D0E259C6826004A0689 /* ModuleViewController.swift */; };
		D96D0D11259C6826004A0689 /* ModuleViewController.xib in Resources */ = {isa = PBXBuildFile; fileRef = D96D0D0F259C6826004A0689 /* ModuleViewController.xib */; };
		D96D0D33259C98A8004A0689 /* ModuleTableViewCell.swift in Sources */ = {isa = PBXBuildFile; fileRef = D96D0D31259C98A8004A0689 /* ModuleTableViewCell.swift */; };
		D96D0D34259C98A8004A0689 /* ModuleTableViewCell.xib in Resources */ = {isa = PBXBuildFile; fileRef = D96D0D32259C98A8004A0689 /* ModuleTableViewCell.xib */; };
		D96D0D38259C992B004A0689 /* BaseTableViewCell.swift in Sources */ = {isa = PBXBuildFile; fileRef = D96D0D37259C992B004A0689 /* BaseTableViewCell.swift */; };
		D96D0D3E259CE1A1004A0689 /* ModuleResponseModel.swift in Sources */ = {isa = PBXBuildFile; fileRef = D96D0D3D259CE1A1004A0689 /* ModuleResponseModel.swift */; };
		D96D0D42259CE3BD004A0689 /* ModuleVM.swift in Sources */ = {isa = PBXBuildFile; fileRef = D96D0D41259CE3BD004A0689 /* ModuleVM.swift */; };
		D96D0D46259CF831004A0689 /* ModuleDM.swift in Sources */ = {isa = PBXBuildFile; fileRef = D96D0D45259CF831004A0689 /* ModuleDM.swift */; };
		D96DC242259B93AA0042D7B7 /* ExtensionUIView.swift in Sources */ = {isa = PBXBuildFile; fileRef = D96DC241259B93AA0042D7B7 /* ExtensionUIView.swift */; };
		D96DC246259B95570042D7B7 /* CheckBoxView.swift in Sources */ = {isa = PBXBuildFile; fileRef = D96DC245259B95570042D7B7 /* CheckBoxView.swift */; };
		D96DC24A259B95720042D7B7 /* CheckBoxView.xib in Resources */ = {isa = PBXBuildFile; fileRef = D96DC249259B95720042D7B7 /* CheckBoxView.xib */; };
		D973AC0F25A76F8100117C6D /* NavigationBarView.swift in Sources */ = {isa = PBXBuildFile; fileRef = D973AC0E25A76F8100117C6D /* NavigationBarView.swift */; };
		D973AC1325A76F8B00117C6D /* NavigationBarView.xib in Resources */ = {isa = PBXBuildFile; fileRef = D973AC1225A76F8B00117C6D /* NavigationBarView.xib */; };
		D974A46225B0D48300D37B8A /* DestinationsResponseModel.swift in Sources */ = {isa = PBXBuildFile; fileRef = D974A46125B0D48300D37B8A /* DestinationsResponseModel.swift */; };
		D974A46925B0D6D700D37B8A /* DestinationVM.swift in Sources */ = {isa = PBXBuildFile; fileRef = D974A46825B0D6D700D37B8A /* DestinationVM.swift */; };
		D974A46F25B0D8BD00D37B8A /* DestinationsDM.swift in Sources */ = {isa = PBXBuildFile; fileRef = D974A46E25B0D8BD00D37B8A /* DestinationsDM.swift */; };
		D974A47825B0FB2100D37B8A /* DestinationTableViewCell.swift in Sources */ = {isa = PBXBuildFile; fileRef = D974A47625B0FB2100D37B8A /* DestinationTableViewCell.swift */; };
		D974A47925B0FB2100D37B8A /* DestinationTableViewCell.xib in Resources */ = {isa = PBXBuildFile; fileRef = D974A47725B0FB2100D37B8A /* DestinationTableViewCell.xib */; };
		D974A47E25B1975E00D37B8A /* DestinationsViewController.swift in Sources */ = {isa = PBXBuildFile; fileRef = D974A47C25B1975E00D37B8A /* DestinationsViewController.swift */; };
		D974A47F25B1975E00D37B8A /* DestinationsViewController.xib in Resources */ = {isa = PBXBuildFile; fileRef = D974A47D25B1975E00D37B8A /* DestinationsViewController.xib */; };
		D974A4A325B348F900D37B8A /* TypeListSelectView.swift in Sources */ = {isa = PBXBuildFile; fileRef = D974A4A225B348F900D37B8A /* TypeListSelectView.swift */; };
		D974A4A725B3490500D37B8A /* TypeListSelectView.xib in Resources */ = {isa = PBXBuildFile; fileRef = D974A4A625B3490500D37B8A /* TypeListSelectView.xib */; };
		D974A4B025B355F800D37B8A /* SalesViewController.swift in Sources */ = {isa = PBXBuildFile; fileRef = D974A4AE25B355F800D37B8A /* SalesViewController.swift */; };
		D974A4B125B355F800D37B8A /* SalesViewController.xib in Resources */ = {isa = PBXBuildFile; fileRef = D974A4AF25B355F800D37B8A /* SalesViewController.xib */; };
		D974A4FA25B39CB300D37B8A /* SalesResponseModel.swift in Sources */ = {isa = PBXBuildFile; fileRef = D974A4F925B39CB300D37B8A /* SalesResponseModel.swift */; };
		D974A4FE25B39CFA00D37B8A /* SalesDM.swift in Sources */ = {isa = PBXBuildFile; fileRef = D974A4FD25B39CFA00D37B8A /* SalesDM.swift */; };
		D974A50225B39D3300D37B8A /* SalesVM.swift in Sources */ = {isa = PBXBuildFile; fileRef = D974A50125B39D3300D37B8A /* SalesVM.swift */; };
		D974A50725B39DDD00D37B8A /* SalesTableViewCell.swift in Sources */ = {isa = PBXBuildFile; fileRef = D974A50525B39DDD00D37B8A /* SalesTableViewCell.swift */; };
		D974A50825B39DDD00D37B8A /* SalesTableViewCell.xib in Resources */ = {isa = PBXBuildFile; fileRef = D974A50625B39DDD00D37B8A /* SalesTableViewCell.xib */; };
		D975F9D925B7328000AD5978 /* ExcursionTableViewCell.swift in Sources */ = {isa = PBXBuildFile; fileRef = D975F9D725B7328000AD5978 /* ExcursionTableViewCell.swift */; };
		D975F9DA25B7328000AD5978 /* ExcursionTableViewCell.xib in Resources */ = {isa = PBXBuildFile; fileRef = D975F9D825B7328000AD5978 /* ExcursionTableViewCell.xib */; };
		D975F9DE25B750DD00AD5978 /* ExcursionResponseModel.swift in Sources */ = {isa = PBXBuildFile; fileRef = D975F9DD25B750DD00AD5978 /* ExcursionResponseModel.swift */; };
		D975F9E225B7524900AD5978 /* ExcursionDM.swift in Sources */ = {isa = PBXBuildFile; fileRef = D975F9E125B7524900AD5978 /* ExcursionDM.swift */; };
		D975F9E625B7528100AD5978 /* ExcursionVM.swift in Sources */ = {isa = PBXBuildFile; fileRef = D975F9E525B7528100AD5978 /* ExcursionVM.swift */; };
		D99EC60625DD1E50005C92D5 /* BaseViewController.swift in Sources */ = {isa = PBXBuildFile; fileRef = D99EC60525DD1E50005C92D5 /* BaseViewController.swift */; };
		D9D6189925E27ED800A92FC9 /* ExcursionsViewController.swift in Sources */ = {isa = PBXBuildFile; fileRef = D9D6189725E27ED800A92FC9 /* ExcursionsViewController.swift */; };
		D9D6189A25E27ED800A92FC9 /* ExcursionsViewController.xib in Resources */ = {isa = PBXBuildFile; fileRef = D9D6189825E27ED800A92FC9 /* ExcursionsViewController.xib */; };
		D9D618BA25E5AF7000A92FC9 /* GetTypeListByUserIdRequestModel.swift in Sources */ = {isa = PBXBuildFile; fileRef = D9D618B925E5AF7000A92FC9 /* GetTypeListByUserIdRequestModel.swift */; };
		D9D618BE25E5B23D00A92FC9 /* GetTypeListByUserIdResponseModel.swift in Sources */ = {isa = PBXBuildFile; fileRef = D9D618BD25E5B23D00A92FC9 /* GetTypeListByUserIdResponseModel.swift */; };
/* End PBXBuildFile section */

/* Begin PBXContainerItemProxy section */
		1951D1482566984500E4699A /* PBXContainerItemProxy */ = {
			isa = PBXContainerItemProxy;
			containerPortal = 1951D1292566984300E4699A /* Project object */;
			proxyType = 1;
			remoteGlobalIDString = 1951D1302566984300E4699A;
			remoteInfo = NomuraTest;
		};
/* End PBXContainerItemProxy section */

/* Begin PBXFileReference section */
		0CE3BAF3793F07A9D1F2F5C5 /* Pods-OdeonDynamics.debug.xcconfig */ = {isa = PBXFileReference; includeInIndex = 1; lastKnownFileType = text.xcconfig; name = "Pods-OdeonDynamics.debug.xcconfig"; path = "Target Support Files/Pods-OdeonDynamics/Pods-OdeonDynamics.debug.xcconfig"; sourceTree = "<group>"; };
		0D84B97B75AF91940DE04BCC /* Pods-NomuraTestTests.release.xcconfig */ = {isa = PBXFileReference; includeInIndex = 1; lastKnownFileType = text.xcconfig; name = "Pods-NomuraTestTests.release.xcconfig"; path = "Target Support Files/Pods-NomuraTestTests/Pods-NomuraTestTests.release.xcconfig"; sourceTree = "<group>"; };
		14F6F35962C14285FEFB3FF1 /* Pods_OdeonDynamics.framework */ = {isa = PBXFileReference; explicitFileType = wrapper.framework; includeInIndex = 0; path = Pods_OdeonDynamics.framework; sourceTree = BUILT_PRODUCTS_DIR; };
		190FE3232583BB8500DD720B /* NomuraViewModelTests.swift */ = {isa = PBXFileReference; lastKnownFileType = sourcecode.swift; path = NomuraViewModelTests.swift; sourceTree = "<group>"; };
		191E71192566EAD10013C4E3 /* Service.swift */ = {isa = PBXFileReference; fileEncoding = 4; lastKnownFileType = sourcecode.swift; path = Service.swift; sourceTree = "<group>"; };
		191E711D2566F13A0013C4E3 /* QuotesDM.swift */ = {isa = PBXFileReference; fileEncoding = 4; lastKnownFileType = sourcecode.swift; path = QuotesDM.swift; sourceTree = "<group>"; };
		191E711F2566F1440013C4E3 /* QuotesVM.swift */ = {isa = PBXFileReference; fileEncoding = 4; lastKnownFileType = sourcecode.swift; path = QuotesVM.swift; sourceTree = "<group>"; };
		191E71202566F1440013C4E3 /* OdeonBaseViewModel.swift */ = {isa = PBXFileReference; fileEncoding = 4; lastKnownFileType = sourcecode.swift; path = OdeonBaseViewModel.swift; sourceTree = "<group>"; };
		191E71232566F2640013C4E3 /* UIViewController+Additions.swift */ = {isa = PBXFileReference; fileEncoding = 4; lastKnownFileType = sourcecode.swift; path = "UIViewController+Additions.swift"; sourceTree = "<group>"; };
		1939DB5C256AB55B004FDAF5 /* UIColor+Additions.swift */ = {isa = PBXFileReference; fileEncoding = 4; lastKnownFileType = sourcecode.swift; path = "UIColor+Additions.swift"; sourceTree = "<group>"; };
		1951D1312566984300E4699A /* OdeonDynamics.app */ = {isa = PBXFileReference; explicitFileType = wrapper.application; includeInIndex = 0; path = OdeonDynamics.app; sourceTree = BUILT_PRODUCTS_DIR; };
		1951D1342566984300E4699A /* AppDelegate.swift */ = {isa = PBXFileReference; lastKnownFileType = sourcecode.swift; path = AppDelegate.swift; sourceTree = "<group>"; };
		1951D13D2566984500E4699A /* Assets.xcassets */ = {isa = PBXFileReference; lastKnownFileType = folder.assetcatalog; path = Assets.xcassets; sourceTree = "<group>"; };
		1951D1402566984500E4699A /* Base */ = {isa = PBXFileReference; lastKnownFileType = file.storyboard; name = Base; path = Base.lproj/LaunchScreen.storyboard; sourceTree = "<group>"; };
		1951D1422566984500E4699A /* Info.plist */ = {isa = PBXFileReference; lastKnownFileType = text.plist.xml; path = Info.plist; sourceTree = "<group>"; };
		1951D1472566984500E4699A /* OdeonDynamicsTests.xctest */ = {isa = PBXFileReference; explicitFileType = wrapper.cfbundle; includeInIndex = 0; path = OdeonDynamicsTests.xctest; sourceTree = BUILT_PRODUCTS_DIR; };
		1951D14B2566984500E4699A /* NomuraTestTests.swift */ = {isa = PBXFileReference; lastKnownFileType = sourcecode.swift; path = NomuraTestTests.swift; sourceTree = "<group>"; };
		1951D14D2566984500E4699A /* Info.plist */ = {isa = PBXFileReference; lastKnownFileType = text.plist.xml; path = Info.plist; sourceTree = "<group>"; };
		19D62C50256836080016B530 /* QuotesCell.swift */ = {isa = PBXFileReference; fileEncoding = 4; lastKnownFileType = sourcecode.swift; path = QuotesCell.swift; sourceTree = "<group>"; };
		19F2563F2583A5E000E66547 /* get-quotes.json */ = {isa = PBXFileReference; lastKnownFileType = text.json; path = "get-quotes.json"; sourceTree = "<group>"; };
		19F256412583A6AA00E66547 /* get-quotesError.json */ = {isa = PBXFileReference; lastKnownFileType = text.json; path = "get-quotesError.json"; sourceTree = "<group>"; };
		19F256432583A6C900E66547 /* get-quotesJsonError.json */ = {isa = PBXFileReference; lastKnownFileType = text.json; name = "get-quotesJsonError.json"; path = "/Users/rac/Documents/NomuraTest/NomuraTestTests/Mock Response/get-quotesJsonError.json"; sourceTree = "<absolute>"; };
		19F5E9892583C27000EB8E03 /* ViewModelTest.swift */ = {isa = PBXFileReference; lastKnownFileType = sourcecode.swift; path = ViewModelTest.swift; sourceTree = "<group>"; };
		19F5E9902583D48500EB8E03 /* AppConstants.swift */ = {isa = PBXFileReference; lastKnownFileType = sourcecode.swift; path = AppConstants.swift; sourceTree = "<group>"; };
		2EA280F6783B64849E7D6256 /* Pods-NomuraTestTests.debug.xcconfig */ = {isa = PBXFileReference; includeInIndex = 1; lastKnownFileType = text.xcconfig; name = "Pods-NomuraTestTests.debug.xcconfig"; path = "Target Support Files/Pods-NomuraTestTests/Pods-NomuraTestTests.debug.xcconfig"; sourceTree = "<group>"; };
		7DC73BA37A5F41437891A518 /* Pods-OdeonDynamicsTests.release.xcconfig */ = {isa = PBXFileReference; includeInIndex = 1; lastKnownFileType = text.xcconfig; name = "Pods-OdeonDynamicsTests.release.xcconfig"; path = "Target Support Files/Pods-OdeonDynamicsTests/Pods-OdeonDynamicsTests.release.xcconfig"; sourceTree = "<group>"; };
		ADE5191DCC82ED77E094D6E9 /* Pods_OdeonDynamicsTests.framework */ = {isa = PBXFileReference; explicitFileType = wrapper.framework; includeInIndex = 0; path = Pods_OdeonDynamicsTests.framework; sourceTree = BUILT_PRODUCTS_DIR; };
		BF78C96D25D524F2002747F0 /* Main.storyboard */ = {isa = PBXFileReference; fileEncoding = 4; lastKnownFileType = file.storyboard; path = Main.storyboard; sourceTree = "<group>"; };
		BF9A46122591EAAC00ADE49B /* QuotesResponseModel.swift */ = {isa = PBXFileReference; lastKnownFileType = sourcecode.swift; path = QuotesResponseModel.swift; sourceTree = "<group>"; };
		BF9A46182591F11700ADE49B /* ServiceEndPoints.swift */ = {isa = PBXFileReference; lastKnownFileType = sourcecode.swift; path = ServiceEndPoints.swift; sourceTree = "<group>"; };
		BF9A461C2591F15A00ADE49B /* ServiceRouter.swift */ = {isa = PBXFileReference; lastKnownFileType = sourcecode.swift; path = ServiceRouter.swift; sourceTree = "<group>"; };
		BF9DE3CE25D862890034B705 /* AppError.swift */ = {isa = PBXFileReference; lastKnownFileType = sourcecode.swift; path = AppError.swift; sourceTree = "<group>"; };
		BF9DE3E825D86A190034B705 /* ServiceEndPoint.swift */ = {isa = PBXFileReference; fileEncoding = 4; lastKnownFileType = sourcecode.swift; path = ServiceEndPoint.swift; sourceTree = "<group>"; };
		BF9DE3E925D86A190034B705 /* NetworkManager.swift */ = {isa = PBXFileReference; fileEncoding = 4; lastKnownFileType = sourcecode.swift; path = NetworkManager.swift; sourceTree = "<group>"; };
		BF9DE3EA25D86A190034B705 /* Defaults.swift */ = {isa = PBXFileReference; fileEncoding = 4; lastKnownFileType = sourcecode.swift; path = Defaults.swift; sourceTree = "<group>"; };
		BF9DE3EB25D86A190034B705 /* BaseResponse.swift */ = {isa = PBXFileReference; fileEncoding = 4; lastKnownFileType = sourcecode.swift; path = BaseResponse.swift; sourceTree = "<group>"; };
		BF9DE3EC25D86A190034B705 /* BaseApiRequestBody.swift */ = {isa = PBXFileReference; fileEncoding = 4; lastKnownFileType = sourcecode.swift; path = BaseApiRequestBody.swift; sourceTree = "<group>"; };
		BF9DE3ED25D86A190034B705 /* ExtensionUIApplication.swift */ = {isa = PBXFileReference; fileEncoding = 4; lastKnownFileType = sourcecode.swift; path = ExtensionUIApplication.swift; sourceTree = "<group>"; };
		BF9DE3EE25D86A190034B705 /* BaseData.swift */ = {isa = PBXFileReference; fileEncoding = 4; lastKnownFileType = sourcecode.swift; path = BaseData.swift; sourceTree = "<group>"; };
		BF9DE3EF25D86A190034B705 /* ExtensionUIViewController.swift */ = {isa = PBXFileReference; fileEncoding = 4; lastKnownFileType = sourcecode.swift; path = ExtensionUIViewController.swift; sourceTree = "<group>"; };
		BF9DE40525D86DBD0034B705 /* ExtensionUIDevice.swift */ = {isa = PBXFileReference; fileEncoding = 4; lastKnownFileType = sourcecode.swift; path = ExtensionUIDevice.swift; sourceTree = "<group>"; };
		BF9DE40925D86DC30034B705 /* BaseMessageItem.swift */ = {isa = PBXFileReference; fileEncoding = 4; lastKnownFileType = sourcecode.swift; path = BaseMessageItem.swift; sourceTree = "<group>"; };
		BF9DE41925D870B40034B705 /* GetUserRequestModel.swift */ = {isa = PBXFileReference; lastKnownFileType = sourcecode.swift; path = GetUserRequestModel.swift; sourceTree = "<group>"; };
		BFF7B55525D98D2B0021C813 /* CreateTokenRequestModel.swift */ = {isa = PBXFileReference; lastKnownFileType = sourcecode.swift; path = CreateTokenRequestModel.swift; sourceTree = "<group>"; };
		BFF7B55A25D994F80021C813 /* GetUserResponseModel.swift */ = {isa = PBXFileReference; lastKnownFileType = sourcecode.swift; path = GetUserResponseModel.swift; sourceTree = "<group>"; };
		D723FF99B546835274858275 /* Pods-OdeonDynamicsTests.debug.xcconfig */ = {isa = PBXFileReference; includeInIndex = 1; lastKnownFileType = text.xcconfig; name = "Pods-OdeonDynamicsTests.debug.xcconfig"; path = "Target Support Files/Pods-OdeonDynamicsTests/Pods-OdeonDynamicsTests.debug.xcconfig"; sourceTree = "<group>"; };
		D900C90525A1D7940042CA43 /* MainPageViewController.swift */ = {isa = PBXFileReference; lastKnownFileType = sourcecode.swift; path = MainPageViewController.swift; sourceTree = "<group>"; };
		D900C90625A1D7940042CA43 /* MainPageViewController.xib */ = {isa = PBXFileReference; lastKnownFileType = file.xib; path = MainPageViewController.xib; sourceTree = "<group>"; };
		D900C91425A1E9340042CA43 /* MainPageCollectionViewCell.swift */ = {isa = PBXFileReference; lastKnownFileType = sourcecode.swift; path = MainPageCollectionViewCell.swift; sourceTree = "<group>"; };
		D900C91525A1E9340042CA43 /* MainPageCollectionViewCell.xib */ = {isa = PBXFileReference; lastKnownFileType = file.xib; path = MainPageCollectionViewCell.xib; sourceTree = "<group>"; };
		D900C91A25A1FB560042CA43 /* MainPageVM.swift */ = {isa = PBXFileReference; lastKnownFileType = sourcecode.swift; path = MainPageVM.swift; sourceTree = "<group>"; };
		D900C91E25A1FB710042CA43 /* MainPageResponseModel.swift */ = {isa = PBXFileReference; lastKnownFileType = sourcecode.swift; path = MainPageResponseModel.swift; sourceTree = "<group>"; };
		D9338E7025A221C600593D89 /* MainPageDM.swift */ = {isa = PBXFileReference; lastKnownFileType = sourcecode.swift; path = MainPageDM.swift; sourceTree = "<group>"; };
		D9338E7425A4E9DA00593D89 /* HamburgerMenuView.swift */ = {isa = PBXFileReference; lastKnownFileType = sourcecode.swift; path = HamburgerMenuView.swift; sourceTree = "<group>"; };
		D9338E7825A4E9EA00593D89 /* HamburgerMenuView.xib */ = {isa = PBXFileReference; lastKnownFileType = file.xib; path = HamburgerMenuView.xib; sourceTree = "<group>"; };
		D9385C7425C355550049911A /* DestinationMenuTableViewCell.swift */ = {isa = PBXFileReference; lastKnownFileType = sourcecode.swift; path = DestinationMenuTableViewCell.swift; sourceTree = "<group>"; };
		D9385C7525C355550049911A /* DestinationMenuTableViewCell.xib */ = {isa = PBXFileReference; lastKnownFileType = file.xib; path = DestinationMenuTableViewCell.xib; sourceTree = "<group>"; };
		D93F262525A2177100CEB1E0 /* BaseCollectionViewCell.swift */ = {isa = PBXFileReference; lastKnownFileType = sourcecode.swift; path = BaseCollectionViewCell.swift; sourceTree = "<group>"; };
		D94326BA25C3008900298451 /* TypeListMenuView.swift */ = {isa = PBXFileReference; lastKnownFileType = sourcecode.swift; path = TypeListMenuView.swift; sourceTree = "<group>"; };
		D94326BE25C300A100298451 /* TypeListMenuView.xib */ = {isa = PBXFileReference; lastKnownFileType = file.xib; path = TypeListMenuView.xib; sourceTree = "<group>"; };
		D94326C825C303A500298451 /* TypeListMenuTableViewCell.swift */ = {isa = PBXFileReference; lastKnownFileType = sourcecode.swift; path = TypeListMenuTableViewCell.swift; sourceTree = "<group>"; };
		D94326C925C303A500298451 /* TypeListMenuTableViewCell.xib */ = {isa = PBXFileReference; lastKnownFileType = file.xib; path = TypeListMenuTableViewCell.xib; sourceTree = "<group>"; };
		D944C17D25CF1D1B0030CB8B /* DestinationMenuResponseModel.swift */ = {isa = PBXFileReference; lastKnownFileType = sourcecode.swift; path = DestinationMenuResponseModel.swift; sourceTree = "<group>"; };
		D944C18125CF1D4F0030CB8B /* DestinationMenuDM.swift */ = {isa = PBXFileReference; lastKnownFileType = sourcecode.swift; path = DestinationMenuDM.swift; sourceTree = "<group>"; };
		D944C18525CF1D7F0030CB8B /* DestinationMenuVM.swift */ = {isa = PBXFileReference; lastKnownFileType = sourcecode.swift; path = DestinationMenuVM.swift; sourceTree = "<group>"; };
		D9455C5B2591FC530031821A /* LoginViewController.swift */ = {isa = PBXFileReference; lastKnownFileType = sourcecode.swift; path = LoginViewController.swift; sourceTree = "<group>"; };
		D9455C642591FFBF0031821A /* OdeonHeaderView.swift */ = {isa = PBXFileReference; lastKnownFileType = sourcecode.swift; path = OdeonHeaderView.swift; sourceTree = "<group>"; };
		D9455C6A259200040031821A /* OdeonHeaderView.xib */ = {isa = PBXFileReference; lastKnownFileType = file.xib; path = OdeonHeaderView.xib; sourceTree = "<group>"; };
		D95EB6E525C3FB43009736D7 /* DestinationMenuView.swift */ = {isa = PBXFileReference; lastKnownFileType = sourcecode.swift; path = DestinationMenuView.swift; sourceTree = "<group>"; };
		D95EB6E925C3FB64009736D7 /* DestinationMenuView.xib */ = {isa = PBXFileReference; lastKnownFileType = file.xib; path = DestinationMenuView.xib; sourceTree = "<group>"; };
		D95EB6ED25C3FB8D009736D7 /* DestinationSelectView.swift */ = {isa = PBXFileReference; lastKnownFileType = sourcecode.swift; path = DestinationSelectView.swift; sourceTree = "<group>"; };
		D95EB6F125C3FB9E009736D7 /* DestinationSelectView.xib */ = {isa = PBXFileReference; lastKnownFileType = file.xib; path = DestinationSelectView.xib; sourceTree = "<group>"; };
		D96D0D0E259C6826004A0689 /* ModuleViewController.swift */ = {isa = PBXFileReference; lastKnownFileType = sourcecode.swift; path = ModuleViewController.swift; sourceTree = "<group>"; };
		D96D0D0F259C6826004A0689 /* ModuleViewController.xib */ = {isa = PBXFileReference; lastKnownFileType = file.xib; path = ModuleViewController.xib; sourceTree = "<group>"; };
		D96D0D31259C98A8004A0689 /* ModuleTableViewCell.swift */ = {isa = PBXFileReference; lastKnownFileType = sourcecode.swift; path = ModuleTableViewCell.swift; sourceTree = "<group>"; };
		D96D0D32259C98A8004A0689 /* ModuleTableViewCell.xib */ = {isa = PBXFileReference; lastKnownFileType = file.xib; path = ModuleTableViewCell.xib; sourceTree = "<group>"; };
		D96D0D37259C992B004A0689 /* BaseTableViewCell.swift */ = {isa = PBXFileReference; lastKnownFileType = sourcecode.swift; path = BaseTableViewCell.swift; sourceTree = "<group>"; };
		D96D0D3D259CE1A1004A0689 /* ModuleResponseModel.swift */ = {isa = PBXFileReference; lastKnownFileType = sourcecode.swift; path = ModuleResponseModel.swift; sourceTree = "<group>"; };
		D96D0D41259CE3BD004A0689 /* ModuleVM.swift */ = {isa = PBXFileReference; lastKnownFileType = sourcecode.swift; path = ModuleVM.swift; sourceTree = "<group>"; };
		D96D0D45259CF831004A0689 /* ModuleDM.swift */ = {isa = PBXFileReference; lastKnownFileType = sourcecode.swift; path = ModuleDM.swift; sourceTree = "<group>"; };
		D96DC241259B93AA0042D7B7 /* ExtensionUIView.swift */ = {isa = PBXFileReference; lastKnownFileType = sourcecode.swift; path = ExtensionUIView.swift; sourceTree = "<group>"; };
		D96DC245259B95570042D7B7 /* CheckBoxView.swift */ = {isa = PBXFileReference; lastKnownFileType = sourcecode.swift; path = CheckBoxView.swift; sourceTree = "<group>"; };
		D96DC249259B95720042D7B7 /* CheckBoxView.xib */ = {isa = PBXFileReference; lastKnownFileType = file.xib; path = CheckBoxView.xib; sourceTree = "<group>"; };
		D973AC0E25A76F8100117C6D /* NavigationBarView.swift */ = {isa = PBXFileReference; lastKnownFileType = sourcecode.swift; path = NavigationBarView.swift; sourceTree = "<group>"; };
		D973AC1225A76F8B00117C6D /* NavigationBarView.xib */ = {isa = PBXFileReference; lastKnownFileType = file.xib; path = NavigationBarView.xib; sourceTree = "<group>"; };
		D974A46125B0D48300D37B8A /* DestinationsResponseModel.swift */ = {isa = PBXFileReference; lastKnownFileType = sourcecode.swift; path = DestinationsResponseModel.swift; sourceTree = "<group>"; };
		D974A46825B0D6D700D37B8A /* DestinationVM.swift */ = {isa = PBXFileReference; lastKnownFileType = sourcecode.swift; path = DestinationVM.swift; sourceTree = "<group>"; };
		D974A46E25B0D8BD00D37B8A /* DestinationsDM.swift */ = {isa = PBXFileReference; lastKnownFileType = sourcecode.swift; path = DestinationsDM.swift; sourceTree = "<group>"; };
		D974A47625B0FB2100D37B8A /* DestinationTableViewCell.swift */ = {isa = PBXFileReference; lastKnownFileType = sourcecode.swift; path = DestinationTableViewCell.swift; sourceTree = "<group>"; };
		D974A47725B0FB2100D37B8A /* DestinationTableViewCell.xib */ = {isa = PBXFileReference; lastKnownFileType = file.xib; path = DestinationTableViewCell.xib; sourceTree = "<group>"; };
		D974A47C25B1975E00D37B8A /* DestinationsViewController.swift */ = {isa = PBXFileReference; lastKnownFileType = sourcecode.swift; path = DestinationsViewController.swift; sourceTree = "<group>"; };
		D974A47D25B1975E00D37B8A /* DestinationsViewController.xib */ = {isa = PBXFileReference; lastKnownFileType = file.xib; path = DestinationsViewController.xib; sourceTree = "<group>"; };
		D974A4A225B348F900D37B8A /* TypeListSelectView.swift */ = {isa = PBXFileReference; lastKnownFileType = sourcecode.swift; path = TypeListSelectView.swift; sourceTree = "<group>"; };
		D974A4A625B3490500D37B8A /* TypeListSelectView.xib */ = {isa = PBXFileReference; lastKnownFileType = file.xib; path = TypeListSelectView.xib; sourceTree = "<group>"; };
		D974A4AE25B355F800D37B8A /* SalesViewController.swift */ = {isa = PBXFileReference; lastKnownFileType = sourcecode.swift; path = SalesViewController.swift; sourceTree = "<group>"; };
		D974A4AF25B355F800D37B8A /* SalesViewController.xib */ = {isa = PBXFileReference; lastKnownFileType = file.xib; path = SalesViewController.xib; sourceTree = "<group>"; };
		D974A4F925B39CB300D37B8A /* SalesResponseModel.swift */ = {isa = PBXFileReference; lastKnownFileType = sourcecode.swift; path = SalesResponseModel.swift; sourceTree = "<group>"; };
		D974A4FD25B39CFA00D37B8A /* SalesDM.swift */ = {isa = PBXFileReference; lastKnownFileType = sourcecode.swift; path = SalesDM.swift; sourceTree = "<group>"; };
		D974A50125B39D3300D37B8A /* SalesVM.swift */ = {isa = PBXFileReference; lastKnownFileType = sourcecode.swift; path = SalesVM.swift; sourceTree = "<group>"; };
		D974A50525B39DDD00D37B8A /* SalesTableViewCell.swift */ = {isa = PBXFileReference; lastKnownFileType = sourcecode.swift; path = SalesTableViewCell.swift; sourceTree = "<group>"; };
		D974A50625B39DDD00D37B8A /* SalesTableViewCell.xib */ = {isa = PBXFileReference; lastKnownFileType = file.xib; path = SalesTableViewCell.xib; sourceTree = "<group>"; };
		D975F9D725B7328000AD5978 /* ExcursionTableViewCell.swift */ = {isa = PBXFileReference; lastKnownFileType = sourcecode.swift; path = ExcursionTableViewCell.swift; sourceTree = "<group>"; };
		D975F9D825B7328000AD5978 /* ExcursionTableViewCell.xib */ = {isa = PBXFileReference; lastKnownFileType = file.xib; path = ExcursionTableViewCell.xib; sourceTree = "<group>"; };
		D975F9DD25B750DD00AD5978 /* ExcursionResponseModel.swift */ = {isa = PBXFileReference; lastKnownFileType = sourcecode.swift; path = ExcursionResponseModel.swift; sourceTree = "<group>"; };
		D975F9E125B7524900AD5978 /* ExcursionDM.swift */ = {isa = PBXFileReference; lastKnownFileType = sourcecode.swift; path = ExcursionDM.swift; sourceTree = "<group>"; };
		D975F9E525B7528100AD5978 /* ExcursionVM.swift */ = {isa = PBXFileReference; lastKnownFileType = sourcecode.swift; path = ExcursionVM.swift; sourceTree = "<group>"; };
		D99EC60525DD1E50005C92D5 /* BaseViewController.swift */ = {isa = PBXFileReference; lastKnownFileType = sourcecode.swift; path = BaseViewController.swift; sourceTree = "<group>"; };
		D9D6189725E27ED800A92FC9 /* ExcursionsViewController.swift */ = {isa = PBXFileReference; lastKnownFileType = sourcecode.swift; path = ExcursionsViewController.swift; sourceTree = "<group>"; };
		D9D6189825E27ED800A92FC9 /* ExcursionsViewController.xib */ = {isa = PBXFileReference; lastKnownFileType = file.xib; path = ExcursionsViewController.xib; sourceTree = "<group>"; };
		D9D618B925E5AF7000A92FC9 /* GetTypeListByUserIdRequestModel.swift */ = {isa = PBXFileReference; lastKnownFileType = sourcecode.swift; path = GetTypeListByUserIdRequestModel.swift; sourceTree = "<group>"; };
		D9D618BD25E5B23D00A92FC9 /* GetTypeListByUserIdResponseModel.swift */ = {isa = PBXFileReference; lastKnownFileType = sourcecode.swift; path = GetTypeListByUserIdResponseModel.swift; sourceTree = "<group>"; };
		E180379C47ECAA6BA011E021 /* Pods-OdeonDynamics.release.xcconfig */ = {isa = PBXFileReference; includeInIndex = 1; lastKnownFileType = text.xcconfig; name = "Pods-OdeonDynamics.release.xcconfig"; path = "Target Support Files/Pods-OdeonDynamics/Pods-OdeonDynamics.release.xcconfig"; sourceTree = "<group>"; };
		EA1DAA74A1D338448C451FDD /* Pods-NomuraTest.debug.xcconfig */ = {isa = PBXFileReference; includeInIndex = 1; lastKnownFileType = text.xcconfig; name = "Pods-NomuraTest.debug.xcconfig"; path = "Target Support Files/Pods-NomuraTest/Pods-NomuraTest.debug.xcconfig"; sourceTree = "<group>"; };
		F4231065920F335DEFDB0CED /* Pods-NomuraTest.release.xcconfig */ = {isa = PBXFileReference; includeInIndex = 1; lastKnownFileType = text.xcconfig; name = "Pods-NomuraTest.release.xcconfig"; path = "Target Support Files/Pods-NomuraTest/Pods-NomuraTest.release.xcconfig"; sourceTree = "<group>"; };
/* End PBXFileReference section */

/* Begin PBXFrameworksBuildPhase section */
		1951D12E2566984300E4699A /* Frameworks */ = {
			isa = PBXFrameworksBuildPhase;
			buildActionMask = 2147483647;
			files = (
				B8C0C34D71CDF6BC82A7ACB3 /* Pods_OdeonDynamics.framework in Frameworks */,
			);
			runOnlyForDeploymentPostprocessing = 0;
		};
		1951D1442566984500E4699A /* Frameworks */ = {
			isa = PBXFrameworksBuildPhase;
			buildActionMask = 2147483647;
			files = (
				6D929A017411B393CB8548E8 /* Pods_OdeonDynamicsTests.framework in Frameworks */,
			);
			runOnlyForDeploymentPostprocessing = 0;
		};
/* End PBXFrameworksBuildPhase section */

/* Begin PBXGroup section */
		00A3B85019BD428F705ED083 /* Frameworks */ = {
			isa = PBXGroup;
			children = (
				14F6F35962C14285FEFB3FF1 /* Pods_OdeonDynamics.framework */,
				ADE5191DCC82ED77E094D6E9 /* Pods_OdeonDynamicsTests.framework */,
			);
			name = Frameworks;
			sourceTree = "<group>";
		};
		191E71102566E9C00013C4E3 /* Application */ = {
			isa = PBXGroup;
			children = (
				1951D13D2566984500E4699A /* Assets.xcassets */,
				1951D13F2566984500E4699A /* LaunchScreen.storyboard */,
				BF78C96D25D524F2002747F0 /* Main.storyboard */,
				1951D1342566984300E4699A /* AppDelegate.swift */,
				1951D1422566984500E4699A /* Info.plist */,
			);
			path = Application;
			sourceTree = "<group>";
		};
		191E71112566E9DD0013C4E3 /* Cell */ = {
			isa = PBXGroup;
			children = (
				D96D0D37259C992B004A0689 /* BaseTableViewCell.swift */,
				D93F262525A2177100CEB1E0 /* BaseCollectionViewCell.swift */,
				19D62C50256836080016B530 /* QuotesCell.swift */,
				D96D0D31259C98A8004A0689 /* ModuleTableViewCell.swift */,
				D96D0D32259C98A8004A0689 /* ModuleTableViewCell.xib */,
				D900C91425A1E9340042CA43 /* MainPageCollectionViewCell.swift */,
				D900C91525A1E9340042CA43 /* MainPageCollectionViewCell.xib */,
				D974A47625B0FB2100D37B8A /* DestinationTableViewCell.swift */,
				D974A47725B0FB2100D37B8A /* DestinationTableViewCell.xib */,
				D974A50525B39DDD00D37B8A /* SalesTableViewCell.swift */,
				D974A50625B39DDD00D37B8A /* SalesTableViewCell.xib */,
				D975F9D725B7328000AD5978 /* ExcursionTableViewCell.swift */,
				D975F9D825B7328000AD5978 /* ExcursionTableViewCell.xib */,
				D94326C825C303A500298451 /* TypeListMenuTableViewCell.swift */,
				D94326C925C303A500298451 /* TypeListMenuTableViewCell.xib */,
				D9385C7425C355550049911A /* DestinationMenuTableViewCell.swift */,
				D9385C7525C355550049911A /* DestinationMenuTableViewCell.xib */,
			);
			path = Cell;
			sourceTree = "<group>";
		};
		191E71122566EA3C0013C4E3 /* Controllers */ = {
			isa = PBXGroup;
			children = (
				D9D6189625E27E9D00A92FC9 /* ExcursionsViewController */,
				D974A4AD25B355BE00D37B8A /* SalesViewController */,
				D974A45125B03C7700D37B8A /* DestinationsViewController */,
				D900C90B25A1D7A20042CA43 /* MainPageViewController */,
				D96D0D0D259C6734004A0689 /* ModuleViewController */,
				D9455C5B2591FC530031821A /* LoginViewController.swift */,
				D99EC60525DD1E50005C92D5 /* BaseViewController.swift */,
			);
			path = Controllers;
			sourceTree = "<group>";
		};
		191E71132566EA530013C4E3 /* ViewModel */ = {
			isa = PBXGroup;
			children = (
				191E71202566F1440013C4E3 /* OdeonBaseViewModel.swift */,
				191E711F2566F1440013C4E3 /* QuotesVM.swift */,
				D96D0D41259CE3BD004A0689 /* ModuleVM.swift */,
				D900C91A25A1FB560042CA43 /* MainPageVM.swift */,
				D974A46825B0D6D700D37B8A /* DestinationVM.swift */,
				D974A50125B39D3300D37B8A /* SalesVM.swift */,
				D975F9E525B7528100AD5978 /* ExcursionVM.swift */,
				D944C18525CF1D7F0030CB8B /* DestinationMenuVM.swift */,
			);
			path = ViewModel;
			sourceTree = "<group>";
		};
		191E71142566EA760013C4E3 /* Data Manager */ = {
			isa = PBXGroup;
			children = (
				191E711D2566F13A0013C4E3 /* QuotesDM.swift */,
				D96D0D45259CF831004A0689 /* ModuleDM.swift */,
				D9338E7025A221C600593D89 /* MainPageDM.swift */,
				D974A46E25B0D8BD00D37B8A /* DestinationsDM.swift */,
				D974A4FD25B39CFA00D37B8A /* SalesDM.swift */,
				D975F9E125B7524900AD5978 /* ExcursionDM.swift */,
				D944C18125CF1D4F0030CB8B /* DestinationMenuDM.swift */,
			);
			path = "Data Manager";
			sourceTree = "<group>";
		};
		191E71152566EA810013C4E3 /* Network */ = {
			isa = PBXGroup;
			children = (
				191E71192566EAD10013C4E3 /* Service.swift */,
				BF9A46182591F11700ADE49B /* ServiceEndPoints.swift */,
				BF9A461C2591F15A00ADE49B /* ServiceRouter.swift */,
				BF9DE3CE25D862890034B705 /* AppError.swift */,
			);
			path = Network;
			sourceTree = "<group>";
		};
		191E71162566EA8F0013C4E3 /* Data Model */ = {
			isa = PBXGroup;
			children = (
				BF9A46122591EAAC00ADE49B /* QuotesResponseModel.swift */,
				D96D0D3D259CE1A1004A0689 /* ModuleResponseModel.swift */,
				D900C91E25A1FB710042CA43 /* MainPageResponseModel.swift */,
				D974A46125B0D48300D37B8A /* DestinationsResponseModel.swift */,
				D974A4F925B39CB300D37B8A /* SalesResponseModel.swift */,
				D975F9DD25B750DD00AD5978 /* ExcursionResponseModel.swift */,
				D944C17D25CF1D1B0030CB8B /* DestinationMenuResponseModel.swift */,
			);
			path = "Data Model";
			sourceTree = "<group>";
		};
		191E71252566F26A0013C4E3 /* Helpers */ = {
			isa = PBXGroup;
			children = (
				191E71232566F2640013C4E3 /* UIViewController+Additions.swift */,
				1939DB5C256AB55B004FDAF5 /* UIColor+Additions.swift */,
				19F5E9902583D48500EB8E03 /* AppConstants.swift */,
			);
			path = Helpers;
			sourceTree = "<group>";
		};
		1951D1282566984300E4699A = {
			isa = PBXGroup;
			children = (
				1951D1332566984300E4699A /* OdeonDynamics */,
				1951D14A2566984500E4699A /* NomuraTestTests */,
				1951D1322566984300E4699A /* Products */,
				4447FF19F614C2C5223E2170 /* Pods */,
				00A3B85019BD428F705ED083 /* Frameworks */,
			);
			sourceTree = "<group>";
		};
		1951D1322566984300E4699A /* Products */ = {
			isa = PBXGroup;
			children = (
				1951D1312566984300E4699A /* OdeonDynamics.app */,
				1951D1472566984500E4699A /* OdeonDynamicsTests.xctest */,
			);
			name = Products;
			sourceTree = "<group>";
		};
		1951D1332566984300E4699A /* OdeonDynamics */ = {
			isa = PBXGroup;
			children = (
				BFF7B55925D994E40021C813 /* ResponseModel */,
				BF9DE41825D8707B0034B705 /* RequestModel */,
				BF9DE3FE25D86AF10034B705 /* Util */,
				BF9DE3E725D86A0A0034B705 /* Networking */,
				D96DC240259B93760042D7B7 /* Extension */,
				D9455C632591FF840031821A /* CustomView */,
				191E71252566F26A0013C4E3 /* Helpers */,
				191E71162566EA8F0013C4E3 /* Data Model */,
				191E71152566EA810013C4E3 /* Network */,
				191E71142566EA760013C4E3 /* Data Manager */,
				191E71132566EA530013C4E3 /* ViewModel */,
				191E71122566EA3C0013C4E3 /* Controllers */,
				191E71112566E9DD0013C4E3 /* Cell */,
				191E71102566E9C00013C4E3 /* Application */,
			);
			path = OdeonDynamics;
			sourceTree = "<group>";
		};
		1951D14A2566984500E4699A /* NomuraTestTests */ = {
			isa = PBXGroup;
			children = (
				198EA13F2583A8E700103301 /* ViewModelTests */,
				1951D14B2566984500E4699A /* NomuraTestTests.swift */,
				19F2563E2583A5C900E66547 /* Mock Response */,
				1951D14D2566984500E4699A /* Info.plist */,
			);
			path = NomuraTestTests;
			sourceTree = "<group>";
		};
		198EA13F2583A8E700103301 /* ViewModelTests */ = {
			isa = PBXGroup;
			children = (
				190FE3232583BB8500DD720B /* NomuraViewModelTests.swift */,
				19F5E9892583C27000EB8E03 /* ViewModelTest.swift */,
			);
			path = ViewModelTests;
			sourceTree = "<group>";
		};
		19F2563E2583A5C900E66547 /* Mock Response */ = {
			isa = PBXGroup;
			children = (
				19F2563F2583A5E000E66547 /* get-quotes.json */,
				19F256412583A6AA00E66547 /* get-quotesError.json */,
				19F256432583A6C900E66547 /* get-quotesJsonError.json */,
			);
			path = "Mock Response";
			sourceTree = "<group>";
		};
		4447FF19F614C2C5223E2170 /* Pods */ = {
			isa = PBXGroup;
			children = (
				EA1DAA74A1D338448C451FDD /* Pods-NomuraTest.debug.xcconfig */,
				F4231065920F335DEFDB0CED /* Pods-NomuraTest.release.xcconfig */,
				2EA280F6783B64849E7D6256 /* Pods-NomuraTestTests.debug.xcconfig */,
				0D84B97B75AF91940DE04BCC /* Pods-NomuraTestTests.release.xcconfig */,
				0CE3BAF3793F07A9D1F2F5C5 /* Pods-OdeonDynamics.debug.xcconfig */,
				E180379C47ECAA6BA011E021 /* Pods-OdeonDynamics.release.xcconfig */,
				D723FF99B546835274858275 /* Pods-OdeonDynamicsTests.debug.xcconfig */,
				7DC73BA37A5F41437891A518 /* Pods-OdeonDynamicsTests.release.xcconfig */,
			);
			path = Pods;
			sourceTree = "<group>";
		};
		BF9DE3E725D86A0A0034B705 /* Networking */ = {
			isa = PBXGroup;
			children = (
				BF9DE40925D86DC30034B705 /* BaseMessageItem.swift */,
				BF9DE3EC25D86A190034B705 /* BaseApiRequestBody.swift */,
				BF9DE3EE25D86A190034B705 /* BaseData.swift */,
				BF9DE3EB25D86A190034B705 /* BaseResponse.swift */,
				BF9DE3E925D86A190034B705 /* NetworkManager.swift */,
				BF9DE3E825D86A190034B705 /* ServiceEndPoint.swift */,
			);
			path = Networking;
			sourceTree = "<group>";
		};
		BF9DE3FE25D86AF10034B705 /* Util */ = {
			isa = PBXGroup;
			children = (
				BF9DE3EA25D86A190034B705 /* Defaults.swift */,
			);
			path = Util;
			sourceTree = "<group>";
		};
		BF9DE41825D8707B0034B705 /* RequestModel */ = {
			isa = PBXGroup;
			children = (
				BF9DE41925D870B40034B705 /* GetUserRequestModel.swift */,
				BFF7B55525D98D2B0021C813 /* CreateTokenRequestModel.swift */,
				D9D618B925E5AF7000A92FC9 /* GetTypeListByUserIdRequestModel.swift */,
			);
			path = RequestModel;
			sourceTree = "<group>";
		};
		BFF7B55925D994E40021C813 /* ResponseModel */ = {
			isa = PBXGroup;
			children = (
				BFF7B55A25D994F80021C813 /* GetUserResponseModel.swift */,
				D9D618BD25E5B23D00A92FC9 /* GetTypeListByUserIdResponseModel.swift */,
			);
			path = ResponseModel;
			sourceTree = "<group>";
		};
		D900C90B25A1D7A20042CA43 /* MainPageViewController */ = {
			isa = PBXGroup;
			children = (
				D900C90525A1D7940042CA43 /* MainPageViewController.swift */,
				D900C90625A1D7940042CA43 /* MainPageViewController.xib */,
			);
			path = MainPageViewController;
			sourceTree = "<group>";
		};
		D9455C632591FF840031821A /* CustomView */ = {
			isa = PBXGroup;
			children = (
				D9455C642591FFBF0031821A /* OdeonHeaderView.swift */,
				D9455C6A259200040031821A /* OdeonHeaderView.xib */,
				D96DC245259B95570042D7B7 /* CheckBoxView.swift */,
				D96DC249259B95720042D7B7 /* CheckBoxView.xib */,
				D9338E7425A4E9DA00593D89 /* HamburgerMenuView.swift */,
				D9338E7825A4E9EA00593D89 /* HamburgerMenuView.xib */,
				D973AC0E25A76F8100117C6D /* NavigationBarView.swift */,
				D973AC1225A76F8B00117C6D /* NavigationBarView.xib */,
				D974A4A225B348F900D37B8A /* TypeListSelectView.swift */,
				D974A4A625B3490500D37B8A /* TypeListSelectView.xib */,
				D94326BA25C3008900298451 /* TypeListMenuView.swift */,
				D94326BE25C300A100298451 /* TypeListMenuView.xib */,
				D95EB6E525C3FB43009736D7 /* DestinationMenuView.swift */,
				D95EB6E925C3FB64009736D7 /* DestinationMenuView.xib */,
				D95EB6ED25C3FB8D009736D7 /* DestinationSelectView.swift */,
				D95EB6F125C3FB9E009736D7 /* DestinationSelectView.xib */,
			);
			path = CustomView;
			sourceTree = "<group>";
		};
		D96D0D0D259C6734004A0689 /* ModuleViewController */ = {
			isa = PBXGroup;
			children = (
				D96D0D0E259C6826004A0689 /* ModuleViewController.swift */,
				D96D0D0F259C6826004A0689 /* ModuleViewController.xib */,
			);
			path = ModuleViewController;
			sourceTree = "<group>";
		};
		D96DC240259B93760042D7B7 /* Extension */ = {
			isa = PBXGroup;
			children = (
				BF9DE40525D86DBD0034B705 /* ExtensionUIDevice.swift */,
				BF9DE3EF25D86A190034B705 /* ExtensionUIViewController.swift */,
				BF9DE3ED25D86A190034B705 /* ExtensionUIApplication.swift */,
				D96DC241259B93AA0042D7B7 /* ExtensionUIView.swift */,
			);
			path = Extension;
			sourceTree = "<group>";
		};
		D974A45125B03C7700D37B8A /* DestinationsViewController */ = {
			isa = PBXGroup;
			children = (
				D974A47C25B1975E00D37B8A /* DestinationsViewController.swift */,
				D974A47D25B1975E00D37B8A /* DestinationsViewController.xib */,
			);
			path = DestinationsViewController;
			sourceTree = "<group>";
		};
		D974A4AD25B355BE00D37B8A /* SalesViewController */ = {
			isa = PBXGroup;
			children = (
				D974A4AE25B355F800D37B8A /* SalesViewController.swift */,
				D974A4AF25B355F800D37B8A /* SalesViewController.xib */,
			);
			path = SalesViewController;
			sourceTree = "<group>";
		};
		D9D6189625E27E9D00A92FC9 /* ExcursionsViewController */ = {
			isa = PBXGroup;
			children = (
				D9D6189725E27ED800A92FC9 /* ExcursionsViewController.swift */,
				D9D6189825E27ED800A92FC9 /* ExcursionsViewController.xib */,
			);
			path = ExcursionsViewController;
			sourceTree = "<group>";
		};
/* End PBXGroup section */

/* Begin PBXNativeTarget section */
		1951D1302566984300E4699A /* OdeonDynamics */ = {
			isa = PBXNativeTarget;
			buildConfigurationList = 1951D1502566984500E4699A /* Build configuration list for PBXNativeTarget "OdeonDynamics" */;
			buildPhases = (
				D457BC44A4B1C9EE5ED8CA48 /* [CP] Check Pods Manifest.lock */,
				1951D12D2566984300E4699A /* Sources */,
				1951D12E2566984300E4699A /* Frameworks */,
				1951D12F2566984300E4699A /* Resources */,
				D5C383091E961906AE89BE44 /* [CP] Embed Pods Frameworks */,
			);
			buildRules = (
			);
			dependencies = (
			);
			name = OdeonDynamics;
			productName = NomuraTest;
			productReference = 1951D1312566984300E4699A /* OdeonDynamics.app */;
			productType = "com.apple.product-type.application";
		};
		1951D1462566984500E4699A /* OdeonDynamicsTests */ = {
			isa = PBXNativeTarget;
			buildConfigurationList = 1951D1532566984500E4699A /* Build configuration list for PBXNativeTarget "OdeonDynamicsTests" */;
			buildPhases = (
				816BD191EC59C095D2BEF8D4 /* [CP] Check Pods Manifest.lock */,
				1951D1432566984500E4699A /* Sources */,
				1951D1442566984500E4699A /* Frameworks */,
				1951D1452566984500E4699A /* Resources */,
				36CEF32E7DEF97A5182A9B40 /* [CP] Embed Pods Frameworks */,
			);
			buildRules = (
			);
			dependencies = (
				1951D1492566984500E4699A /* PBXTargetDependency */,
			);
			name = OdeonDynamicsTests;
			productName = NomuraTestTests;
			productReference = 1951D1472566984500E4699A /* OdeonDynamicsTests.xctest */;
			productType = "com.apple.product-type.bundle.unit-test";
		};
/* End PBXNativeTarget section */

/* Begin PBXProject section */
		1951D1292566984300E4699A /* Project object */ = {
			isa = PBXProject;
			attributes = {
				LastSwiftUpdateCheck = 1150;
				LastUpgradeCheck = 1150;
				ORGANIZATIONNAME = Azure;
				TargetAttributes = {
					1951D1302566984300E4699A = {
						CreatedOnToolsVersion = 11.5;
					};
					1951D1462566984500E4699A = {
						CreatedOnToolsVersion = 11.5;
						TestTargetID = 1951D1302566984300E4699A;
					};
				};
			};
			buildConfigurationList = 1951D12C2566984300E4699A /* Build configuration list for PBXProject "OdeonDynamics" */;
			compatibilityVersion = "Xcode 9.3";
			developmentRegion = en;
			hasScannedForEncodings = 0;
			knownRegions = (
				en,
				Base,
			);
			mainGroup = 1951D1282566984300E4699A;
			productRefGroup = 1951D1322566984300E4699A /* Products */;
			projectDirPath = "";
			projectRoot = "";
			targets = (
				1951D1302566984300E4699A /* OdeonDynamics */,
				1951D1462566984500E4699A /* OdeonDynamicsTests */,
			);
		};
/* End PBXProject section */

/* Begin PBXResourcesBuildPhase section */
		1951D12F2566984300E4699A /* Resources */ = {
			isa = PBXResourcesBuildPhase;
			buildActionMask = 2147483647;
			files = (
				D900C91725A1E9340042CA43 /* MainPageCollectionViewCell.xib in Resources */,
				D974A4A725B3490500D37B8A /* TypeListSelectView.xib in Resources */,
				1951D1412566984500E4699A /* LaunchScreen.storyboard in Resources */,
				BF78C96E25D524F2002747F0 /* Main.storyboard in Resources */,
				D974A47925B0FB2100D37B8A /* DestinationTableViewCell.xib in Resources */,
				D96D0D34259C98A8004A0689 /* ModuleTableViewCell.xib in Resources */,
				D94326CB25C303A500298451 /* TypeListMenuTableViewCell.xib in Resources */,
				D9D6189A25E27ED800A92FC9 /* ExcursionsViewController.xib in Resources */,
				D9455C6B259200040031821A /* OdeonHeaderView.xib in Resources */,
				D975F9DA25B7328000AD5978 /* ExcursionTableViewCell.xib in Resources */,
				D973AC1325A76F8B00117C6D /* NavigationBarView.xib in Resources */,
				D96D0D11259C6826004A0689 /* ModuleViewController.xib in Resources */,
				D9338E7925A4E9EA00593D89 /* HamburgerMenuView.xib in Resources */,
				D900C90825A1D7940042CA43 /* MainPageViewController.xib in Resources */,
				D974A50825B39DDD00D37B8A /* SalesTableViewCell.xib in Resources */,
				D95EB6F225C3FB9E009736D7 /* DestinationSelectView.xib in Resources */,
				1951D13E2566984500E4699A /* Assets.xcassets in Resources */,
				D95EB6EA25C3FB64009736D7 /* DestinationMenuView.xib in Resources */,
				D96DC24A259B95720042D7B7 /* CheckBoxView.xib in Resources */,
				D974A47F25B1975E00D37B8A /* DestinationsViewController.xib in Resources */,
				D94326BF25C300A100298451 /* TypeListMenuView.xib in Resources */,
				D9385C7725C355550049911A /* DestinationMenuTableViewCell.xib in Resources */,
				D974A4B125B355F800D37B8A /* SalesViewController.xib in Resources */,
			);
			runOnlyForDeploymentPostprocessing = 0;
		};
		1951D1452566984500E4699A /* Resources */ = {
			isa = PBXResourcesBuildPhase;
			buildActionMask = 2147483647;
			files = (
				19F5E98E2583C68E00EB8E03 /* get-quotesError.json in Resources */,
				19F5E98D2583C68A00EB8E03 /* get-quotes.json in Resources */,
				19F5E98F2583C69100EB8E03 /* get-quotesJsonError.json in Resources */,
			);
			runOnlyForDeploymentPostprocessing = 0;
		};
/* End PBXResourcesBuildPhase section */

/* Begin PBXShellScriptBuildPhase section */
		36CEF32E7DEF97A5182A9B40 /* [CP] Embed Pods Frameworks */ = {
			isa = PBXShellScriptBuildPhase;
			buildActionMask = 2147483647;
			files = (
			);
			inputFileListPaths = (
				"${PODS_ROOT}/Target Support Files/Pods-OdeonDynamicsTests/Pods-OdeonDynamicsTests-frameworks-${CONFIGURATION}-input-files.xcfilelist",
			);
			name = "[CP] Embed Pods Frameworks";
			outputFileListPaths = (
				"${PODS_ROOT}/Target Support Files/Pods-OdeonDynamicsTests/Pods-OdeonDynamicsTests-frameworks-${CONFIGURATION}-output-files.xcfilelist",
			);
			runOnlyForDeploymentPostprocessing = 0;
			shellPath = /bin/sh;
			shellScript = "\"${PODS_ROOT}/Target Support Files/Pods-OdeonDynamicsTests/Pods-OdeonDynamicsTests-frameworks.sh\"\n";
			showEnvVarsInLog = 0;
		};
		816BD191EC59C095D2BEF8D4 /* [CP] Check Pods Manifest.lock */ = {
			isa = PBXShellScriptBuildPhase;
			buildActionMask = 2147483647;
			files = (
			);
			inputFileListPaths = (
			);
			inputPaths = (
				"${PODS_PODFILE_DIR_PATH}/Podfile.lock",
				"${PODS_ROOT}/Manifest.lock",
			);
			name = "[CP] Check Pods Manifest.lock";
			outputFileListPaths = (
			);
			outputPaths = (
				"$(DERIVED_FILE_DIR)/Pods-OdeonDynamicsTests-checkManifestLockResult.txt",
			);
			runOnlyForDeploymentPostprocessing = 0;
			shellPath = /bin/sh;
			shellScript = "diff \"${PODS_PODFILE_DIR_PATH}/Podfile.lock\" \"${PODS_ROOT}/Manifest.lock\" > /dev/null\nif [ $? != 0 ] ; then\n    # print error to STDERR\n    echo \"error: The sandbox is not in sync with the Podfile.lock. Run 'pod install' or update your CocoaPods installation.\" >&2\n    exit 1\nfi\n# This output is used by Xcode 'outputs' to avoid re-running this script phase.\necho \"SUCCESS\" > \"${SCRIPT_OUTPUT_FILE_0}\"\n";
			showEnvVarsInLog = 0;
		};
		D457BC44A4B1C9EE5ED8CA48 /* [CP] Check Pods Manifest.lock */ = {
			isa = PBXShellScriptBuildPhase;
			buildActionMask = 2147483647;
			files = (
			);
			inputFileListPaths = (
			);
			inputPaths = (
				"${PODS_PODFILE_DIR_PATH}/Podfile.lock",
				"${PODS_ROOT}/Manifest.lock",
			);
			name = "[CP] Check Pods Manifest.lock";
			outputFileListPaths = (
			);
			outputPaths = (
				"$(DERIVED_FILE_DIR)/Pods-OdeonDynamics-checkManifestLockResult.txt",
			);
			runOnlyForDeploymentPostprocessing = 0;
			shellPath = /bin/sh;
			shellScript = "diff \"${PODS_PODFILE_DIR_PATH}/Podfile.lock\" \"${PODS_ROOT}/Manifest.lock\" > /dev/null\nif [ $? != 0 ] ; then\n    # print error to STDERR\n    echo \"error: The sandbox is not in sync with the Podfile.lock. Run 'pod install' or update your CocoaPods installation.\" >&2\n    exit 1\nfi\n# This output is used by Xcode 'outputs' to avoid re-running this script phase.\necho \"SUCCESS\" > \"${SCRIPT_OUTPUT_FILE_0}\"\n";
			showEnvVarsInLog = 0;
		};
		D5C383091E961906AE89BE44 /* [CP] Embed Pods Frameworks */ = {
			isa = PBXShellScriptBuildPhase;
			buildActionMask = 2147483647;
			files = (
			);
			inputFileListPaths = (
				"${PODS_ROOT}/Target Support Files/Pods-OdeonDynamics/Pods-OdeonDynamics-frameworks-${CONFIGURATION}-input-files.xcfilelist",
			);
			name = "[CP] Embed Pods Frameworks";
			outputFileListPaths = (
				"${PODS_ROOT}/Target Support Files/Pods-OdeonDynamics/Pods-OdeonDynamics-frameworks-${CONFIGURATION}-output-files.xcfilelist",
			);
			runOnlyForDeploymentPostprocessing = 0;
			shellPath = /bin/sh;
			shellScript = "\"${PODS_ROOT}/Target Support Files/Pods-OdeonDynamics/Pods-OdeonDynamics-frameworks.sh\"\n";
			showEnvVarsInLog = 0;
		};
/* End PBXShellScriptBuildPhase section */

/* Begin PBXSourcesBuildPhase section */
		1951D12D2566984300E4699A /* Sources */ = {
			isa = PBXSourcesBuildPhase;
			buildActionMask = 2147483647;
			files = (
				D974A47E25B1975E00D37B8A /* DestinationsViewController.swift in Sources */,
				BF9A46192591F11700ADE49B /* ServiceEndPoints.swift in Sources */,
				D975F9D925B7328000AD5978 /* ExcursionTableViewCell.swift in Sources */,
				D974A4FA25B39CB300D37B8A /* SalesResponseModel.swift in Sources */,
				BF9A461D2591F15A00ADE49B /* ServiceRouter.swift in Sources */,
				D9455C5D2591FC530031821A /* LoginViewController.swift in Sources */,
				D975F9E225B7524900AD5978 /* ExcursionDM.swift in Sources */,
				191E71212566F1440013C4E3 /* QuotesVM.swift in Sources */,
				D93F262625A2177100CEB1E0 /* BaseCollectionViewCell.swift in Sources */,
				19D62C51256836080016B530 /* QuotesCell.swift in Sources */,
				D99EC60625DD1E50005C92D5 /* BaseViewController.swift in Sources */,
				D96D0D10259C6826004A0689 /* ModuleViewController.swift in Sources */,
				D96DC242259B93AA0042D7B7 /* ExtensionUIView.swift in Sources */,
				D974A46225B0D48300D37B8A /* DestinationsResponseModel.swift in Sources */,
				D9D618BE25E5B23D00A92FC9 /* GetTypeListByUserIdResponseModel.swift in Sources */,
				D900C91B25A1FB560042CA43 /* MainPageVM.swift in Sources */,
				BF9DE40A25D86DC30034B705 /* BaseMessageItem.swift in Sources */,
				D974A46F25B0D8BD00D37B8A /* DestinationsDM.swift in Sources */,
				D94326CA25C303A500298451 /* TypeListMenuTableViewCell.swift in Sources */,
				BF9DE3F125D86A190034B705 /* NetworkManager.swift in Sources */,
				BFF7B55B25D994F80021C813 /* GetUserResponseModel.swift in Sources */,
				D96D0D3E259CE1A1004A0689 /* ModuleResponseModel.swift in Sources */,
				191E711E2566F13A0013C4E3 /* QuotesDM.swift in Sources */,
				1951D1352566984300E4699A /* AppDelegate.swift in Sources */,
				D96D0D33259C98A8004A0689 /* ModuleTableViewCell.swift in Sources */,
				D95EB6EE25C3FB8D009736D7 /* DestinationSelectView.swift in Sources */,
				BF9DE3F025D86A190034B705 /* ServiceEndPoint.swift in Sources */,
				D9D6189925E27ED800A92FC9 /* ExcursionsViewController.swift in Sources */,
				BF9DE40625D86DBE0034B705 /* ExtensionUIDevice.swift in Sources */,
				1939DB5D256AB55B004FDAF5 /* UIColor+Additions.swift in Sources */,
				D975F9DE25B750DD00AD5978 /* ExcursionResponseModel.swift in Sources */,
				D974A4A325B348F900D37B8A /* TypeListSelectView.swift in Sources */,
				D900C91F25A1FB710042CA43 /* MainPageResponseModel.swift in Sources */,
				D95EB6E625C3FB43009736D7 /* DestinationMenuView.swift in Sources */,
				D9455C652591FFBF0031821A /* OdeonHeaderView.swift in Sources */,
				D975F9E625B7528100AD5978 /* ExcursionVM.swift in Sources */,
				D944C18225CF1D4F0030CB8B /* DestinationMenuDM.swift in Sources */,
				BF9DE41A25D870B40034B705 /* GetUserRequestModel.swift in Sources */,
				D944C17E25CF1D1B0030CB8B /* DestinationMenuResponseModel.swift in Sources */,
				BF9DE3F225D86A190034B705 /* Defaults.swift in Sources */,
				191E711A2566EAD10013C4E3 /* Service.swift in Sources */,
				D94326BB25C3008900298451 /* TypeListMenuView.swift in Sources */,
				D944C18625CF1D7F0030CB8B /* DestinationMenuVM.swift in Sources */,
				191E71222566F1440013C4E3 /* OdeonBaseViewModel.swift in Sources */,
				BF9DE3F425D86A190034B705 /* BaseApiRequestBody.swift in Sources */,
				D96D0D46259CF831004A0689 /* ModuleDM.swift in Sources */,
				BFF7B55625D98D2B0021C813 /* CreateTokenRequestModel.swift in Sources */,
				D96DC246259B95570042D7B7 /* CheckBoxView.swift in Sources */,
				BF9DE3F725D86A190034B705 /* ExtensionUIViewController.swift in Sources */,
				D96D0D38259C992B004A0689 /* BaseTableViewCell.swift in Sources */,
				D96D0D42259CE3BD004A0689 /* ModuleVM.swift in Sources */,
				D974A4B025B355F800D37B8A /* SalesViewController.swift in Sources */,
				D9385C7625C355550049911A /* DestinationMenuTableViewCell.swift in Sources */,
				D974A50225B39D3300D37B8A /* SalesVM.swift in Sources */,
				D9338E7125A221C600593D89 /* MainPageDM.swift in Sources */,
				D974A46925B0D6D700D37B8A /* DestinationVM.swift in Sources */,
				D900C91625A1E9340042CA43 /* MainPageCollectionViewCell.swift in Sources */,
				D974A47825B0FB2100D37B8A /* DestinationTableViewCell.swift in Sources */,
				D974A4FE25B39CFA00D37B8A /* SalesDM.swift in Sources */,
				BF9DE3CF25D862890034B705 /* AppError.swift in Sources */,
				BF9DE3F625D86A190034B705 /* BaseData.swift in Sources */,
				BF9DE3F525D86A190034B705 /* ExtensionUIApplication.swift in Sources */,
				D9D618BA25E5AF7000A92FC9 /* GetTypeListByUserIdRequestModel.swift in Sources */,
				BF9DE3F325D86A190034B705 /* BaseResponse.swift in Sources */,
				D900C90725A1D7940042CA43 /* MainPageViewController.swift in Sources */,
				D973AC0F25A76F8100117C6D /* NavigationBarView.swift in Sources */,
				19F5E9912583D48500EB8E03 /* AppConstants.swift in Sources */,
				191E71242566F2640013C4E3 /* UIViewController+Additions.swift in Sources */,
				BF9A46132591EAAC00ADE49B /* QuotesResponseModel.swift in Sources */,
				D974A50725B39DDD00D37B8A /* SalesTableViewCell.swift in Sources */,
				D9338E7525A4E9DA00593D89 /* HamburgerMenuView.swift in Sources */,
			);
			runOnlyForDeploymentPostprocessing = 0;
		};
		1951D1432566984500E4699A /* Sources */ = {
			isa = PBXSourcesBuildPhase;
			buildActionMask = 2147483647;
			files = (
				19F5E98A2583C27000EB8E03 /* ViewModelTest.swift in Sources */,
				190FE3242583BB8500DD720B /* NomuraViewModelTests.swift in Sources */,
				1951D14C2566984500E4699A /* NomuraTestTests.swift in Sources */,
			);
			runOnlyForDeploymentPostprocessing = 0;
		};
/* End PBXSourcesBuildPhase section */

/* Begin PBXTargetDependency section */
		1951D1492566984500E4699A /* PBXTargetDependency */ = {
			isa = PBXTargetDependency;
			target = 1951D1302566984300E4699A /* OdeonDynamics */;
			targetProxy = 1951D1482566984500E4699A /* PBXContainerItemProxy */;
		};
/* End PBXTargetDependency section */

/* Begin PBXVariantGroup section */
		1951D13F2566984500E4699A /* LaunchScreen.storyboard */ = {
			isa = PBXVariantGroup;
			children = (
				1951D1402566984500E4699A /* Base */,
			);
			name = LaunchScreen.storyboard;
			sourceTree = "<group>";
		};
/* End PBXVariantGroup section */

/* Begin XCBuildConfiguration section */
		1951D14E2566984500E4699A /* Debug */ = {
			isa = XCBuildConfiguration;
			buildSettings = {
				ALWAYS_SEARCH_USER_PATHS = NO;
				CLANG_ANALYZER_NONNULL = YES;
				CLANG_ANALYZER_NUMBER_OBJECT_CONVERSION = YES_AGGRESSIVE;
				CLANG_CXX_LANGUAGE_STANDARD = "gnu++14";
				CLANG_CXX_LIBRARY = "libc++";
				CLANG_ENABLE_MODULES = YES;
				CLANG_ENABLE_OBJC_ARC = YES;
				CLANG_ENABLE_OBJC_WEAK = YES;
				CLANG_WARN_BLOCK_CAPTURE_AUTORELEASING = YES;
				CLANG_WARN_BOOL_CONVERSION = YES;
				CLANG_WARN_COMMA = YES;
				CLANG_WARN_CONSTANT_CONVERSION = YES;
				CLANG_WARN_DEPRECATED_OBJC_IMPLEMENTATIONS = YES;
				CLANG_WARN_DIRECT_OBJC_ISA_USAGE = YES_ERROR;
				CLANG_WARN_DOCUMENTATION_COMMENTS = YES;
				CLANG_WARN_EMPTY_BODY = YES;
				CLANG_WARN_ENUM_CONVERSION = YES;
				CLANG_WARN_INFINITE_RECURSION = YES;
				CLANG_WARN_INT_CONVERSION = YES;
				CLANG_WARN_NON_LITERAL_NULL_CONVERSION = YES;
				CLANG_WARN_OBJC_IMPLICIT_RETAIN_SELF = YES;
				CLANG_WARN_OBJC_LITERAL_CONVERSION = YES;
				CLANG_WARN_OBJC_ROOT_CLASS = YES_ERROR;
				CLANG_WARN_RANGE_LOOP_ANALYSIS = YES;
				CLANG_WARN_STRICT_PROTOTYPES = YES;
				CLANG_WARN_SUSPICIOUS_MOVE = YES;
				CLANG_WARN_UNGUARDED_AVAILABILITY = YES_AGGRESSIVE;
				CLANG_WARN_UNREACHABLE_CODE = YES;
				CLANG_WARN__DUPLICATE_METHOD_MATCH = YES;
				COPY_PHASE_STRIP = NO;
				DEBUG_INFORMATION_FORMAT = dwarf;
				ENABLE_STRICT_OBJC_MSGSEND = YES;
				ENABLE_TESTABILITY = YES;
				GCC_C_LANGUAGE_STANDARD = gnu11;
				GCC_DYNAMIC_NO_PIC = NO;
				GCC_NO_COMMON_BLOCKS = YES;
				GCC_OPTIMIZATION_LEVEL = 0;
				GCC_PREPROCESSOR_DEFINITIONS = (
					"DEBUG=1",
					"$(inherited)",
				);
				GCC_WARN_64_TO_32_BIT_CONVERSION = YES;
				GCC_WARN_ABOUT_RETURN_TYPE = YES_ERROR;
				GCC_WARN_UNDECLARED_SELECTOR = YES;
				GCC_WARN_UNINITIALIZED_AUTOS = YES_AGGRESSIVE;
				GCC_WARN_UNUSED_FUNCTION = YES;
				GCC_WARN_UNUSED_VARIABLE = YES;
				IPHONEOS_DEPLOYMENT_TARGET = 13.5;
				MTL_ENABLE_DEBUG_INFO = INCLUDE_SOURCE;
				MTL_FAST_MATH = YES;
				ONLY_ACTIVE_ARCH = YES;
				SDKROOT = iphoneos;
				SWIFT_ACTIVE_COMPILATION_CONDITIONS = DEBUG;
				SWIFT_OPTIMIZATION_LEVEL = "-Onone";
			};
			name = Debug;
		};
		1951D14F2566984500E4699A /* Release */ = {
			isa = XCBuildConfiguration;
			buildSettings = {
				ALWAYS_SEARCH_USER_PATHS = NO;
				CLANG_ANALYZER_NONNULL = YES;
				CLANG_ANALYZER_NUMBER_OBJECT_CONVERSION = YES_AGGRESSIVE;
				CLANG_CXX_LANGUAGE_STANDARD = "gnu++14";
				CLANG_CXX_LIBRARY = "libc++";
				CLANG_ENABLE_MODULES = YES;
				CLANG_ENABLE_OBJC_ARC = YES;
				CLANG_ENABLE_OBJC_WEAK = YES;
				CLANG_WARN_BLOCK_CAPTURE_AUTORELEASING = YES;
				CLANG_WARN_BOOL_CONVERSION = YES;
				CLANG_WARN_COMMA = YES;
				CLANG_WARN_CONSTANT_CONVERSION = YES;
				CLANG_WARN_DEPRECATED_OBJC_IMPLEMENTATIONS = YES;
				CLANG_WARN_DIRECT_OBJC_ISA_USAGE = YES_ERROR;
				CLANG_WARN_DOCUMENTATION_COMMENTS = YES;
				CLANG_WARN_EMPTY_BODY = YES;
				CLANG_WARN_ENUM_CONVERSION = YES;
				CLANG_WARN_INFINITE_RECURSION = YES;
				CLANG_WARN_INT_CONVERSION = YES;
				CLANG_WARN_NON_LITERAL_NULL_CONVERSION = YES;
				CLANG_WARN_OBJC_IMPLICIT_RETAIN_SELF = YES;
				CLANG_WARN_OBJC_LITERAL_CONVERSION = YES;
				CLANG_WARN_OBJC_ROOT_CLASS = YES_ERROR;
				CLANG_WARN_RANGE_LOOP_ANALYSIS = YES;
				CLANG_WARN_STRICT_PROTOTYPES = YES;
				CLANG_WARN_SUSPICIOUS_MOVE = YES;
				CLANG_WARN_UNGUARDED_AVAILABILITY = YES_AGGRESSIVE;
				CLANG_WARN_UNREACHABLE_CODE = YES;
				CLANG_WARN__DUPLICATE_METHOD_MATCH = YES;
				COPY_PHASE_STRIP = NO;
				DEBUG_INFORMATION_FORMAT = "dwarf-with-dsym";
				ENABLE_NS_ASSERTIONS = NO;
				ENABLE_STRICT_OBJC_MSGSEND = YES;
				GCC_C_LANGUAGE_STANDARD = gnu11;
				GCC_NO_COMMON_BLOCKS = YES;
				GCC_WARN_64_TO_32_BIT_CONVERSION = YES;
				GCC_WARN_ABOUT_RETURN_TYPE = YES_ERROR;
				GCC_WARN_UNDECLARED_SELECTOR = YES;
				GCC_WARN_UNINITIALIZED_AUTOS = YES_AGGRESSIVE;
				GCC_WARN_UNUSED_FUNCTION = YES;
				GCC_WARN_UNUSED_VARIABLE = YES;
				IPHONEOS_DEPLOYMENT_TARGET = 13.5;
				MTL_ENABLE_DEBUG_INFO = NO;
				MTL_FAST_MATH = YES;
				SDKROOT = iphoneos;
				SWIFT_COMPILATION_MODE = wholemodule;
				SWIFT_OPTIMIZATION_LEVEL = "-O";
				VALIDATE_PRODUCT = YES;
			};
			name = Release;
		};
		1951D1512566984500E4699A /* Debug */ = {
			isa = XCBuildConfiguration;
			baseConfigurationReference = 0CE3BAF3793F07A9D1F2F5C5 /* Pods-OdeonDynamics.debug.xcconfig */;
			buildSettings = {
				ASSETCATALOG_COMPILER_APPICON_NAME = AppIcon;
				CODE_SIGN_STYLE = Automatic;
				DEVELOPMENT_TEAM = KK3CHZC7W8;
				INFOPLIST_FILE = "$(SRCROOT)/OdeonDynamics/Application/Info.plist";
				IPHONEOS_DEPLOYMENT_TARGET = 11.0;
				LD_RUNPATH_SEARCH_PATHS = (
					"$(inherited)",
					"@executable_path/Frameworks",
				);
				PRODUCT_BUNDLE_IDENTIFIER = com.companyname.NomuraTest;
				PRODUCT_NAME = "$(TARGET_NAME)";
				SWIFT_VERSION = 5.0;
				TARGETED_DEVICE_FAMILY = 1;
			};
			name = Debug;
		};
		1951D1522566984500E4699A /* Release */ = {
			isa = XCBuildConfiguration;
			baseConfigurationReference = E180379C47ECAA6BA011E021 /* Pods-OdeonDynamics.release.xcconfig */;
			buildSettings = {
				ASSETCATALOG_COMPILER_APPICON_NAME = AppIcon;
				CODE_SIGN_STYLE = Automatic;
				DEVELOPMENT_TEAM = KK3CHZC7W8;
				INFOPLIST_FILE = "$(SRCROOT)/OdeonDynamics/Application/Info.plist";
				IPHONEOS_DEPLOYMENT_TARGET = 11.0;
				LD_RUNPATH_SEARCH_PATHS = (
					"$(inherited)",
					"@executable_path/Frameworks",
				);
				PRODUCT_BUNDLE_IDENTIFIER = com.companyname.NomuraTest;
				PRODUCT_NAME = "$(TARGET_NAME)";
				SWIFT_VERSION = 5.0;
				TARGETED_DEVICE_FAMILY = 1;
			};
			name = Release;
		};
		1951D1542566984500E4699A /* Debug */ = {
			isa = XCBuildConfiguration;
			baseConfigurationReference = D723FF99B546835274858275 /* Pods-OdeonDynamicsTests.debug.xcconfig */;
			buildSettings = {
				ALWAYS_EMBED_SWIFT_STANDARD_LIBRARIES = YES;
				BUNDLE_LOADER = "$(TEST_HOST)";
				CODE_SIGN_STYLE = Automatic;
				DEVELOPMENT_TEAM = KK3CHZC7W8;
				INFOPLIST_FILE = NomuraTestTests/Info.plist;
				IPHONEOS_DEPLOYMENT_TARGET = 13.5;
				LD_RUNPATH_SEARCH_PATHS = (
					"$(inherited)",
					"@executable_path/Frameworks",
					"@loader_path/Frameworks",
				);
				PRODUCT_BUNDLE_IDENTIFIER = com.companyname.NomuraTestTests;
				PRODUCT_NAME = "$(TARGET_NAME)";
				SWIFT_VERSION = 5.0;
				TARGETED_DEVICE_FAMILY = "1,2";
				TEST_HOST = "$(BUILT_PRODUCTS_DIR)/OdeonDynamics.app/OdeonDynamics";
			};
			name = Debug;
		};
		1951D1552566984500E4699A /* Release */ = {
			isa = XCBuildConfiguration;
			baseConfigurationReference = 7DC73BA37A5F41437891A518 /* Pods-OdeonDynamicsTests.release.xcconfig */;
			buildSettings = {
				ALWAYS_EMBED_SWIFT_STANDARD_LIBRARIES = YES;
				BUNDLE_LOADER = "$(TEST_HOST)";
				CODE_SIGN_STYLE = Automatic;
				DEVELOPMENT_TEAM = KK3CHZC7W8;
				INFOPLIST_FILE = NomuraTestTests/Info.plist;
				IPHONEOS_DEPLOYMENT_TARGET = 13.5;
				LD_RUNPATH_SEARCH_PATHS = (
					"$(inherited)",
					"@executable_path/Frameworks",
					"@loader_path/Frameworks",
				);
				PRODUCT_BUNDLE_IDENTIFIER = com.companyname.NomuraTestTests;
				PRODUCT_NAME = "$(TARGET_NAME)";
				SWIFT_VERSION = 5.0;
				TARGETED_DEVICE_FAMILY = "1,2";
				TEST_HOST = "$(BUILT_PRODUCTS_DIR)/OdeonDynamics.app/OdeonDynamics";
			};
			name = Release;
		};
/* End XCBuildConfiguration section */

/* Begin XCConfigurationList section */
		1951D12C2566984300E4699A /* Build configuration list for PBXProject "OdeonDynamics" */ = {
			isa = XCConfigurationList;
			buildConfigurations = (
				1951D14E2566984500E4699A /* Debug */,
				1951D14F2566984500E4699A /* Release */,
			);
			defaultConfigurationIsVisible = 0;
			defaultConfigurationName = Release;
		};
		1951D1502566984500E4699A /* Build configuration list for PBXNativeTarget "OdeonDynamics" */ = {
			isa = XCConfigurationList;
			buildConfigurations = (
				1951D1512566984500E4699A /* Debug */,
				1951D1522566984500E4699A /* Release */,
			);
			defaultConfigurationIsVisible = 0;
			defaultConfigurationName = Release;
		};
		1951D1532566984500E4699A /* Build configuration list for PBXNativeTarget "OdeonDynamicsTests" */ = {
			isa = XCConfigurationList;
			buildConfigurations = (
				1951D1542566984500E4699A /* Debug */,
				1951D1552566984500E4699A /* Release */,
			);
			defaultConfigurationIsVisible = 0;
			defaultConfigurationName = Release;
		};
/* End XCConfigurationList section */
	};
	rootObject = 1951D1292566984300E4699A /* Project object */;
}
